
Microsoft Visual Studio Solution File, Format Version 12.00
# Visual Studio 15
VisualStudioVersion = 15.0.27004.2005
MinimumVisualStudioVersion = 10.0.40219.1
Project("{9A19103F-16F7-4668-BE54-9A1E7A4F7556}") = "BeeAzureFileSystemProvider", "BeeAzureFileSystemProvider\BeeAzureFileSystemProvider.csproj", "{A9B75082-068C-4BCA-92F7-B7BE8229885A}"
EndProject
Global
	GlobalSection(SolutionConfigurationPlatforms) = preSolution
		Debug|Any CPU = Debug|Any CPU
		Release|Any CPU = Release|Any CPU
	EndGlobalSection
	GlobalSection(ProjectConfigurationPlatforms) = postSolution
		{A9B75082-068C-4BCA-92F7-B7BE8229885A}.Debug|Any CPU.ActiveCfg = Debug|Any CPU
		{A9B75082-068C-4BCA-92F7-B7BE8229885A}.Debug|Any CPU.Build.0 = Debug|Any CPU
		{A9B75082-068C-4BCA-92F7-B7BE8229885A}.Release|Any CPU.ActiveCfg = Release|Any CPU
		{A9B75082-068C-4BCA-92F7-B7BE8229885A}.Release|Any CPU.Build.0 = Release|Any CPU
	EndGlobalSection
	GlobalSection(SolutionProperties) = preSolution
		HideSolutionNode = FALSE
	EndGlobalSection
	GlobalSection(ExtensibilityGlobals) = postSolution
		SolutionGuid = {6FD60AC9-7971-4D41-AEAE-81C627B8A1AD}
	EndGlobalSection
EndGlobal
